
Microsoft Visual Studio Solution File, Format Version 12.00
# Visual Studio 15
Project("{FAE04EC0-301F-11D3-BF4B-00C04F79EFBC}") = "super_mary", "Assembly-CSharp.csproj", "{97031A0B-E920-7B50-32F0-006886362E4A}"
EndProject
Project("{FAE04EC0-301F-11D3-BF4B-00C04F79EFBC}") = "super_mary", "Assembly-CSharp-Editor.csproj", "{C9E97096-AFE4-91F9-C828-957E3BE7BB66}"
EndProject
Global
	GlobalSection(SolutionConfigurationPlatforms) = preSolution
		Debug|Any CPU = Debug|Any CPU
		Release|Any CPU = Release|Any CPU
	EndGlobalSection
	GlobalSection(ProjectConfigurationPlatforms) = postSolution
		{97031A0B-E920-7B50-32F0-006886362E4A}.Debug|Any CPU.ActiveCfg = Debug|Any CPU
		{97031A0B-E920-7B50-32F0-006886362E4A}.Debug|Any CPU.Build.0 = Debug|Any CPU
		{97031A0B-E920-7B50-32F0-006886362E4A}.Release|Any CPU.ActiveCfg = Release|Any CPU
		{97031A0B-E920-7B50-32F0-006886362E4A}.Release|Any CPU.Build.0 = Release|Any CPU
		{C9E97096-AFE4-91F9-C828-957E3BE7BB66}.Debug|Any CPU.ActiveCfg = Debug|Any CPU
		{C9E97096-AFE4-91F9-C828-957E3BE7BB66}.Debug|Any CPU.Build.0 = Debug|Any CPU
		{C9E97096-AFE4-91F9-C828-957E3BE7BB66}.Release|Any CPU.ActiveCfg = Release|Any CPU
		{C9E97096-AFE4-91F9-C828-957E3BE7BB66}.Release|Any CPU.Build.0 = Release|Any CPU
	EndGlobalSection
	GlobalSection(SolutionProperties) = preSolution
		HideSolutionNode = FALSE
	EndGlobalSection
EndGlobal
